
Microsoft Visual Studio Solution File, Format Version 12.00
# Visual Studio Version 16
VisualStudioVersion = 16.0.31515.178
MinimumVisualStudioVersion = 10.0.40219.1
Project("{FAE04EC0-301F-11D3-BF4B-00C04F79EFBC}") = "Fiap.Aula01.Exemplo01", "Fiap.Aula01.Exemplo01\Fiap.Aula01.Exemplo01.csproj", "{556E3554-573A-4E98-A2D6-28A687C06DF3}"
EndProject
Global
	GlobalSection(SolutionConfigurationPlatforms) = preSolution
		Debug|Any CPU = Debug|Any CPU
		Release|Any CPU = Release|Any CPU
	EndGlobalSection
	GlobalSection(ProjectConfigurationPlatforms) = postSolution
		{556E3554-573A-4E98-A2D6-28A687C06DF3}.Debug|Any CPU.ActiveCfg = Debug|Any CPU
		{556E3554-573A-4E98-A2D6-28A687C06DF3}.Debug|Any CPU.Build.0 = Debug|Any CPU
		{556E3554-573A-4E98-A2D6-28A687C06DF3}.Release|Any CPU.ActiveCfg = Release|Any CPU
		{556E3554-573A-4E98-A2D6-28A687C06DF3}.Release|Any CPU.Build.0 = Release|Any CPU
	EndGlobalSection
	GlobalSection(SolutionProperties) = preSolution
		HideSolutionNode = FALSE
	EndGlobalSection
	GlobalSection(ExtensibilityGlobals) = postSolution
		SolutionGuid = {072FFB53-33A2-4576-9CE7-9A9C317DA1C8}
	EndGlobalSection
EndGlobal
